
Microsoft Visual Studio Solution File, Format Version 12.00
# Visual Studio Version 16
VisualStudioVersion = 16.0.31605.320
MinimumVisualStudioVersion = 10.0.40219.1
Project("{FAE04EC0-301F-11D3-BF4B-00C04F79EFBC}") = "EntityFrameworkBase", "EntityFrameworkBase\EntityFrameworkBase.csproj", "{B6DD0A20-2D75-4EDC-BCA6-FCD4E0381A44}"
EndProject
Project("{FAE04EC0-301F-11D3-BF4B-00C04F79EFBC}") = "Timesheet.DataAccess.MSSQL", "Timesheet.DataAccess.MSSQL\Timesheet.DataAccess.MSSQL.csproj", "{BCBDAE43-A06E-4D1A-AC6A-EE172ADD40B6}"
EndProject
Project("{FAE04EC0-301F-11D3-BF4B-00C04F79EFBC}") = "Timesheet.Api", "Timesheet.Api\Timesheet.Api.csproj", "{DE6DF818-E29B-4D1F-BE55-E51AD58D5FE2}"
EndProject
Global
	GlobalSection(SolutionConfigurationPlatforms) = preSolution
		Debug|Any CPU = Debug|Any CPU
		Release|Any CPU = Release|Any CPU
	EndGlobalSection
	GlobalSection(ProjectConfigurationPlatforms) = postSolution
		{B6DD0A20-2D75-4EDC-BCA6-FCD4E0381A44}.Debug|Any CPU.ActiveCfg = Debug|Any CPU
		{B6DD0A20-2D75-4EDC-BCA6-FCD4E0381A44}.Debug|Any CPU.Build.0 = Debug|Any CPU
		{B6DD0A20-2D75-4EDC-BCA6-FCD4E0381A44}.Release|Any CPU.ActiveCfg = Release|Any CPU
		{B6DD0A20-2D75-4EDC-BCA6-FCD4E0381A44}.Release|Any CPU.Build.0 = Release|Any CPU
		{BCBDAE43-A06E-4D1A-AC6A-EE172ADD40B6}.Debug|Any CPU.ActiveCfg = Debug|Any CPU
		{BCBDAE43-A06E-4D1A-AC6A-EE172ADD40B6}.Debug|Any CPU.Build.0 = Debug|Any CPU
		{BCBDAE43-A06E-4D1A-AC6A-EE172ADD40B6}.Release|Any CPU.ActiveCfg = Release|Any CPU
		{BCBDAE43-A06E-4D1A-AC6A-EE172ADD40B6}.Release|Any CPU.Build.0 = Release|Any CPU
		{DE6DF818-E29B-4D1F-BE55-E51AD58D5FE2}.Debug|Any CPU.ActiveCfg = Debug|Any CPU
		{DE6DF818-E29B-4D1F-BE55-E51AD58D5FE2}.Debug|Any CPU.Build.0 = Debug|Any CPU
		{DE6DF818-E29B-4D1F-BE55-E51AD58D5FE2}.Release|Any CPU.ActiveCfg = Release|Any CPU
		{DE6DF818-E29B-4D1F-BE55-E51AD58D5FE2}.Release|Any CPU.Build.0 = Release|Any CPU
	EndGlobalSection
	GlobalSection(SolutionProperties) = preSolution
		HideSolutionNode = FALSE
	EndGlobalSection
	GlobalSection(ExtensibilityGlobals) = postSolution
		SolutionGuid = {84BD5661-908E-42D1-A110-F21B62AC76AF}
	EndGlobalSection
EndGlobal
